# THIS IS AN AUTOGENERATED FILE. DO NOT EDIT THIS FILE DIRECTLY.
# yarn lockfile v1


react-ga4@^2.1.0:
  version "2.1.0"
  resolved "https://registry.yarnpkg.com/react-ga4/-/react-ga4-2.1.0.tgz#56601f59d95c08466ebd6edfbf8dede55c4678f9"
  integrity sha512-ZKS7PGNFqqMd3PJ6+C2Jtz/o1iU9ggiy8Y8nUeksgVuvNISbmrQtJiZNvC/TjDsqD0QlU5Wkgs7i+w9+OjHhhQ==
